
Microsoft Visual Studio Solution File, Format Version 12.00
# Visual Studio Version 17
VisualStudioVersion = 17.8.34511.84
MinimumVisualStudioVersion = 10.0.40219.1
Project("{FAE04EC0-301F-11D3-BF4B-00C04F79EFBC}") = "StudentsDiary2", "StudentsDiary2\StudentsDiary2.csproj", "{539C19CE-D52F-43C7-BEF6-7DDDA6D24D29}"
EndProject
Global
	GlobalSection(SolutionConfigurationPlatforms) = preSolution
		Debug|Any CPU = Debug|Any CPU
		Release|Any CPU = Release|Any CPU
	EndGlobalSection
	GlobalSection(ProjectConfigurationPlatforms) = postSolution
		{539C19CE-D52F-43C7-BEF6-7DDDA6D24D29}.Debug|Any CPU.ActiveCfg = Debug|Any CPU
		{539C19CE-D52F-43C7-BEF6-7DDDA6D24D29}.Debug|Any CPU.Build.0 = Debug|Any CPU
		{539C19CE-D52F-43C7-BEF6-7DDDA6D24D29}.Release|Any CPU.ActiveCfg = Release|Any CPU
		{539C19CE-D52F-43C7-BEF6-7DDDA6D24D29}.Release|Any CPU.Build.0 = Release|Any CPU
	EndGlobalSection
	GlobalSection(SolutionProperties) = preSolution
		HideSolutionNode = FALSE
	EndGlobalSection
	GlobalSection(ExtensibilityGlobals) = postSolution
		SolutionGuid = {E81C58C1-99B1-4F15-A4E4-364D2A046261}
	EndGlobalSection
EndGlobal
